
Microsoft Visual Studio Solution File, Format Version 12.00
# Visual Studio Version 17
VisualStudioVersion = 17.13.35913.81
MinimumVisualStudioVersion = 10.0.40219.1
Project("{2150E333-8FDC-42A3-9474-1A3956D46DE8}") = "Alunos", "Alunos", "{02EA681E-C7D8-13C7-8484-4AC65E1B71E8}"
EndProject
Project("{2150E333-8FDC-42A3-9474-1A3956D46DE8}") = "Professores", "Professores", "{0118B51F-EB36-4358-BEBB-4AEA906BFAEA}"
EndProject
Project("{2150E333-8FDC-42A3-9474-1A3956D46DE8}") = "Grade", "Grade", "{FC28D907-A919-4D37-9927-A6121B83578F}"
EndProject
Project("{FAE04EC0-301F-11D3-BF4B-00C04F79EFBC}") = "Professores.API", "Professores.API\Professores.API.csproj", "{5DC52C77-3130-47E7-B80E-7311CB911CC0}"
EndProject
Project("{FAE04EC0-301F-11D3-BF4B-00C04F79EFBC}") = "Professores.Application", "Professores.Application\Professores.Application.csproj", "{11C4D076-1CD0-4A72-9E29-4DAEFBDA5F0F}"
EndProject
Project("{FAE04EC0-301F-11D3-BF4B-00C04F79EFBC}") = "Professores.Domain", "Professores.Domain\Professores.Domain.csproj", "{99409335-C9C1-4C4C-9B46-ACBB6AFB340A}"
EndProject
Project("{FAE04EC0-301F-11D3-BF4B-00C04F79EFBC}") = "Professores.Infrastructure", "Professores.Infrastructure\Professores.Infrastructure.csproj", "{1894D25D-B74B-46EC-A4EB-8B548E4B31FC}"
EndProject
Project("{2150E333-8FDC-42A3-9474-1A3956D46DE8}") = "Docker", "Docker", "{380A7511-A354-6D7A-0CC0-8FA1F1BA7B6C}"
	ProjectSection(SolutionItems) = preProject
		docker-compose.yml = docker-compose.yml
		Dockerfile = Dockerfile
	EndProjectSection
EndProject
Project("{FAE04EC0-301F-11D3-BF4B-00C04F79EFBC}") = "Professores.Tests", "Professores.Tests\Professores.Tests.csproj", "{BA6AFE74-F634-4026-AB90-EC43C5754FC8}"
EndProject
Project("{FAE04EC0-301F-11D3-BF4B-00C04F79EFBC}") = "Alunos.API", "Alunos.API\Alunos.API.csproj", "{748711CF-D827-4520-8B56-E43022AF5E2D}"
EndProject
Project("{FAE04EC0-301F-11D3-BF4B-00C04F79EFBC}") = "Alunos.Application", "Alunos.Application\Alunos.Application.csproj", "{D0B37B45-99BA-4735-BCA1-60544D52A2F5}"
EndProject
Project("{FAE04EC0-301F-11D3-BF4B-00C04F79EFBC}") = "Alunos.Domain", "Alunos.Domain\Alunos.Domain.csproj", "{ED5897AA-37CF-41A6-AFFE-F43D2F44AA2F}"
EndProject
Project("{FAE04EC0-301F-11D3-BF4B-00C04F79EFBC}") = "Alunos.Infrastructure", "Alunos.Infrastructure\Alunos.Infrastructure.csproj", "{84AC8061-6611-442A-81DA-E70E162F414C}"
EndProject
Project("{FAE04EC0-301F-11D3-BF4B-00C04F79EFBC}") = "Alunos.Tests", "Alunos.Tests\Alunos.Tests.csproj", "{7FA3BC5C-F379-4D35-A93C-E264A98DC04C}"
EndProject
Project("{FAE04EC0-301F-11D3-BF4B-00C04F79EFBC}") = "Grade.API", "Grade.API\Grade.API.csproj", "{E9915BEF-C104-4177-BCD3-D13CB7062F4F}"
EndProject
Project("{FAE04EC0-301F-11D3-BF4B-00C04F79EFBC}") = "Grade.Application", "Grade.Application\Grade.Application.csproj", "{795E855B-25A6-444B-A41E-57DA40647C85}"
EndProject
Project("{FAE04EC0-301F-11D3-BF4B-00C04F79EFBC}") = "Grade.Domain", "Grade.Domain\Grade.Domain.csproj", "{7A4E9E3B-2CAC-4BDC-B048-32ABD2AC8AFD}"
EndProject
Project("{FAE04EC0-301F-11D3-BF4B-00C04F79EFBC}") = "Grade.Infrastructure", "Grade.Infrastructure\Grade.Infrastructure.csproj", "{F3A28CF3-39D5-49EC-A737-2377E1BA2BE8}"
EndProject
Project("{FAE04EC0-301F-11D3-BF4B-00C04F79EFBC}") = "Grade.Tests", "Grade.Tests\Grade.Tests.csproj", "{4C45A031-2A27-4FB7-AF84-5712E4D80B92}"
EndProject
Project("{2150E333-8FDC-42A3-9474-1A3956D46DE8}") = "Eventos", "Eventos", "{7AC87124-565F-4837-A256-206512D5DE4D}"
EndProject
Project("{FAE04EC0-301F-11D3-BF4B-00C04F79EFBC}") = "Contract", "Contracts\Contract.csproj", "{D47F42EE-4812-4CDB-81D4-1CFD79545044}"
EndProject
Project("{2150E333-8FDC-42A3-9474-1A3956D46DE8}") = "Turmas", "Turmas", "{3A7BAFAA-80B0-4775-8603-341E6FA70349}"
EndProject
Project("{2150E333-8FDC-42A3-9474-1A3956D46DE8}") = "Materias", "Materias", "{CCBCE86D-44C5-4260-944F-1635E0A41785}"
EndProject
Project("{FAE04EC0-301F-11D3-BF4B-00C04F79EFBC}") = "Turmas.API", "Turmas.API\Turmas.API.csproj", "{3FC1BA11-0CF6-4934-8D4B-927C1EC76ECE}"
EndProject
Project("{FAE04EC0-301F-11D3-BF4B-00C04F79EFBC}") = "Turmas.Application", "Turmas.Application\Turmas.Application.csproj", "{BB1ABE7B-0C29-4479-846A-AFA066B0A5AC}"
EndProject
Project("{FAE04EC0-301F-11D3-BF4B-00C04F79EFBC}") = "Turmas.Domain", "Turmas.Domain\Turmas.Domain.csproj", "{37B72412-BB23-4A3A-9440-990E067C1D88}"
EndProject
Project("{FAE04EC0-301F-11D3-BF4B-00C04F79EFBC}") = "Turmas.Infrastructure", "Turmas.Infrastructure\Turmas.Infrastructure.csproj", "{F7ACCAF1-EAB0-42BA-B24A-9C84DC79D2B4}"
EndProject
Project("{FAE04EC0-301F-11D3-BF4B-00C04F79EFBC}") = "Turmas.Tests", "Turmas.Tests\Turmas.Tests.csproj", "{F658B690-7317-4D27-B5A1-95701531AEDD}"
EndProject
Project("{FAE04EC0-301F-11D3-BF4B-00C04F79EFBC}") = "Materias.API", "Materias.API\Materias.API.csproj", "{8950063E-28E2-4842-86A7-D01E8E955B9C}"
EndProject
Project("{FAE04EC0-301F-11D3-BF4B-00C04F79EFBC}") = "Materias.Tests", "Materias.Tests\Materias.Tests.csproj", "{377D1042-0818-4FFD-AD93-93ACF689F45C}"
EndProject
Project("{FAE04EC0-301F-11D3-BF4B-00C04F79EFBC}") = "Materias.Application", "Materias.Application\Materias.Application.csproj", "{10CCE902-42B8-458B-82D4-8F5972CC9AAA}"
EndProject
Project("{FAE04EC0-301F-11D3-BF4B-00C04F79EFBC}") = "Materias.Domain", "Materias.Domain\Materias.Domain.csproj", "{381E2C8A-3A73-4E7F-A035-ACF13F4EF934}"
EndProject
Project("{FAE04EC0-301F-11D3-BF4B-00C04F79EFBC}") = "Materias.Infrastructure", "Materias.Infrastructure\Materias.Infrastructure.csproj", "{7862BD5E-DD0A-4B3A-A4B8-322CAE973077}"
EndProject
Project("{2150E333-8FDC-42A3-9474-1A3956D46DE8}") = "Gateway", "Gateway", "{394ED7B9-870C-49DE-9AF1-C37BAEF5A433}"
EndProject
Project("{FAE04EC0-301F-11D3-BF4B-00C04F79EFBC}") = "Gateway", "Gateway\Gateway.csproj", "{A514B750-B194-44B7-ABB5-461F0CFE8F3B}"
EndProject
Global
	GlobalSection(SolutionConfigurationPlatforms) = preSolution
		Debug|Any CPU = Debug|Any CPU
		Release|Any CPU = Release|Any CPU
	EndGlobalSection
	GlobalSection(ProjectConfigurationPlatforms) = postSolution
		{5DC52C77-3130-47E7-B80E-7311CB911CC0}.Debug|Any CPU.ActiveCfg = Debug|Any CPU
		{5DC52C77-3130-47E7-B80E-7311CB911CC0}.Debug|Any CPU.Build.0 = Debug|Any CPU
		{5DC52C77-3130-47E7-B80E-7311CB911CC0}.Release|Any CPU.ActiveCfg = Release|Any CPU
		{5DC52C77-3130-47E7-B80E-7311CB911CC0}.Release|Any CPU.Build.0 = Release|Any CPU
		{11C4D076-1CD0-4A72-9E29-4DAEFBDA5F0F}.Debug|Any CPU.ActiveCfg = Debug|Any CPU
		{11C4D076-1CD0-4A72-9E29-4DAEFBDA5F0F}.Debug|Any CPU.Build.0 = Debug|Any CPU
		{11C4D076-1CD0-4A72-9E29-4DAEFBDA5F0F}.Release|Any CPU.ActiveCfg = Release|Any CPU
		{11C4D076-1CD0-4A72-9E29-4DAEFBDA5F0F}.Release|Any CPU.Build.0 = Release|Any CPU
		{99409335-C9C1-4C4C-9B46-ACBB6AFB340A}.Debug|Any CPU.ActiveCfg = Debug|Any CPU
		{99409335-C9C1-4C4C-9B46-ACBB6AFB340A}.Debug|Any CPU.Build.0 = Debug|Any CPU
		{99409335-C9C1-4C4C-9B46-ACBB6AFB340A}.Release|Any CPU.ActiveCfg = Release|Any CPU
		{99409335-C9C1-4C4C-9B46-ACBB6AFB340A}.Release|Any CPU.Build.0 = Release|Any CPU
		{1894D25D-B74B-46EC-A4EB-8B548E4B31FC}.Debug|Any CPU.ActiveCfg = Debug|Any CPU
		{1894D25D-B74B-46EC-A4EB-8B548E4B31FC}.Debug|Any CPU.Build.0 = Debug|Any CPU
		{1894D25D-B74B-46EC-A4EB-8B548E4B31FC}.Release|Any CPU.ActiveCfg = Release|Any CPU
		{1894D25D-B74B-46EC-A4EB-8B548E4B31FC}.Release|Any CPU.Build.0 = Release|Any CPU
		{BA6AFE74-F634-4026-AB90-EC43C5754FC8}.Debug|Any CPU.ActiveCfg = Debug|Any CPU
		{BA6AFE74-F634-4026-AB90-EC43C5754FC8}.Debug|Any CPU.Build.0 = Debug|Any CPU
		{BA6AFE74-F634-4026-AB90-EC43C5754FC8}.Release|Any CPU.ActiveCfg = Release|Any CPU
		{BA6AFE74-F634-4026-AB90-EC43C5754FC8}.Release|Any CPU.Build.0 = Release|Any CPU
		{748711CF-D827-4520-8B56-E43022AF5E2D}.Debug|Any CPU.ActiveCfg = Debug|Any CPU
		{748711CF-D827-4520-8B56-E43022AF5E2D}.Debug|Any CPU.Build.0 = Debug|Any CPU
		{748711CF-D827-4520-8B56-E43022AF5E2D}.Release|Any CPU.ActiveCfg = Release|Any CPU
		{748711CF-D827-4520-8B56-E43022AF5E2D}.Release|Any CPU.Build.0 = Release|Any CPU
		{D0B37B45-99BA-4735-BCA1-60544D52A2F5}.Debug|Any CPU.ActiveCfg = Debug|Any CPU
		{D0B37B45-99BA-4735-BCA1-60544D52A2F5}.Debug|Any CPU.Build.0 = Debug|Any CPU
		{D0B37B45-99BA-4735-BCA1-60544D52A2F5}.Release|Any CPU.ActiveCfg = Release|Any CPU
		{D0B37B45-99BA-4735-BCA1-60544D52A2F5}.Release|Any CPU.Build.0 = Release|Any CPU
		{ED5897AA-37CF-41A6-AFFE-F43D2F44AA2F}.Debug|Any CPU.ActiveCfg = Debug|Any CPU
		{ED5897AA-37CF-41A6-AFFE-F43D2F44AA2F}.Debug|Any CPU.Build.0 = Debug|Any CPU
		{ED5897AA-37CF-41A6-AFFE-F43D2F44AA2F}.Release|Any CPU.ActiveCfg = Release|Any CPU
		{ED5897AA-37CF-41A6-AFFE-F43D2F44AA2F}.Release|Any CPU.Build.0 = Release|Any CPU
		{84AC8061-6611-442A-81DA-E70E162F414C}.Debug|Any CPU.ActiveCfg = Debug|Any CPU
		{84AC8061-6611-442A-81DA-E70E162F414C}.Debug|Any CPU.Build.0 = Debug|Any CPU
		{84AC8061-6611-442A-81DA-E70E162F414C}.Release|Any CPU.ActiveCfg = Release|Any CPU
		{84AC8061-6611-442A-81DA-E70E162F414C}.Release|Any CPU.Build.0 = Release|Any CPU
		{7FA3BC5C-F379-4D35-A93C-E264A98DC04C}.Debug|Any CPU.ActiveCfg = Debug|Any CPU
		{7FA3BC5C-F379-4D35-A93C-E264A98DC04C}.Debug|Any CPU.Build.0 = Debug|Any CPU
		{7FA3BC5C-F379-4D35-A93C-E264A98DC04C}.Release|Any CPU.ActiveCfg = Release|Any CPU
		{7FA3BC5C-F379-4D35-A93C-E264A98DC04C}.Release|Any CPU.Build.0 = Release|Any CPU
		{E9915BEF-C104-4177-BCD3-D13CB7062F4F}.Debug|Any CPU.ActiveCfg = Debug|Any CPU
		{E9915BEF-C104-4177-BCD3-D13CB7062F4F}.Debug|Any CPU.Build.0 = Debug|Any CPU
		{E9915BEF-C104-4177-BCD3-D13CB7062F4F}.Release|Any CPU.ActiveCfg = Release|Any CPU
		{E9915BEF-C104-4177-BCD3-D13CB7062F4F}.Release|Any CPU.Build.0 = Release|Any CPU
		{795E855B-25A6-444B-A41E-57DA40647C85}.Debug|Any CPU.ActiveCfg = Debug|Any CPU
		{795E855B-25A6-444B-A41E-57DA40647C85}.Debug|Any CPU.Build.0 = Debug|Any CPU
		{795E855B-25A6-444B-A41E-57DA40647C85}.Release|Any CPU.ActiveCfg = Release|Any CPU
		{795E855B-25A6-444B-A41E-57DA40647C85}.Release|Any CPU.Build.0 = Release|Any CPU
		{7A4E9E3B-2CAC-4BDC-B048-32ABD2AC8AFD}.Debug|Any CPU.ActiveCfg = Debug|Any CPU
		{7A4E9E3B-2CAC-4BDC-B048-32ABD2AC8AFD}.Debug|Any CPU.Build.0 = Debug|Any CPU
		{7A4E9E3B-2CAC-4BDC-B048-32ABD2AC8AFD}.Release|Any CPU.ActiveCfg = Release|Any CPU
		{7A4E9E3B-2CAC-4BDC-B048-32ABD2AC8AFD}.Release|Any CPU.Build.0 = Release|Any CPU
		{F3A28CF3-39D5-49EC-A737-2377E1BA2BE8}.Debug|Any CPU.ActiveCfg = Debug|Any CPU
		{F3A28CF3-39D5-49EC-A737-2377E1BA2BE8}.Debug|Any CPU.Build.0 = Debug|Any CPU
		{F3A28CF3-39D5-49EC-A737-2377E1BA2BE8}.Release|Any CPU.ActiveCfg = Release|Any CPU
		{F3A28CF3-39D5-49EC-A737-2377E1BA2BE8}.Release|Any CPU.Build.0 = Release|Any CPU
		{4C45A031-2A27-4FB7-AF84-5712E4D80B92}.Debug|Any CPU.ActiveCfg = Debug|Any CPU
		{4C45A031-2A27-4FB7-AF84-5712E4D80B92}.Debug|Any CPU.Build.0 = Debug|Any CPU
		{4C45A031-2A27-4FB7-AF84-5712E4D80B92}.Release|Any CPU.ActiveCfg = Release|Any CPU
		{4C45A031-2A27-4FB7-AF84-5712E4D80B92}.Release|Any CPU.Build.0 = Release|Any CPU
		{D47F42EE-4812-4CDB-81D4-1CFD79545044}.Debug|Any CPU.ActiveCfg = Debug|Any CPU
		{D47F42EE-4812-4CDB-81D4-1CFD79545044}.Debug|Any CPU.Build.0 = Debug|Any CPU
		{D47F42EE-4812-4CDB-81D4-1CFD79545044}.Release|Any CPU.ActiveCfg = Release|Any CPU
		{D47F42EE-4812-4CDB-81D4-1CFD79545044}.Release|Any CPU.Build.0 = Release|Any CPU
		{3FC1BA11-0CF6-4934-8D4B-927C1EC76ECE}.Debug|Any CPU.ActiveCfg = Debug|Any CPU
		{3FC1BA11-0CF6-4934-8D4B-927C1EC76ECE}.Debug|Any CPU.Build.0 = Debug|Any CPU
		{3FC1BA11-0CF6-4934-8D4B-927C1EC76ECE}.Release|Any CPU.ActiveCfg = Release|Any CPU
		{3FC1BA11-0CF6-4934-8D4B-927C1EC76ECE}.Release|Any CPU.Build.0 = Release|Any CPU
		{BB1ABE7B-0C29-4479-846A-AFA066B0A5AC}.Debug|Any CPU.ActiveCfg = Debug|Any CPU
		{BB1ABE7B-0C29-4479-846A-AFA066B0A5AC}.Debug|Any CPU.Build.0 = Debug|Any CPU
		{BB1ABE7B-0C29-4479-846A-AFA066B0A5AC}.Release|Any CPU.ActiveCfg = Release|Any CPU
		{BB1ABE7B-0C29-4479-846A-AFA066B0A5AC}.Release|Any CPU.Build.0 = Release|Any CPU
		{37B72412-BB23-4A3A-9440-990E067C1D88}.Debug|Any CPU.ActiveCfg = Debug|Any CPU
		{37B72412-BB23-4A3A-9440-990E067C1D88}.Debug|Any CPU.Build.0 = Debug|Any CPU
		{37B72412-BB23-4A3A-9440-990E067C1D88}.Release|Any CPU.ActiveCfg = Release|Any CPU
		{37B72412-BB23-4A3A-9440-990E067C1D88}.Release|Any CPU.Build.0 = Release|Any CPU
		{F7ACCAF1-EAB0-42BA-B24A-9C84DC79D2B4}.Debug|Any CPU.ActiveCfg = Debug|Any CPU
		{F7ACCAF1-EAB0-42BA-B24A-9C84DC79D2B4}.Debug|Any CPU.Build.0 = Debug|Any CPU
		{F7ACCAF1-EAB0-42BA-B24A-9C84DC79D2B4}.Release|Any CPU.ActiveCfg = Release|Any CPU
		{F7ACCAF1-EAB0-42BA-B24A-9C84DC79D2B4}.Release|Any CPU.Build.0 = Release|Any CPU
		{F658B690-7317-4D27-B5A1-95701531AEDD}.Debug|Any CPU.ActiveCfg = Debug|Any CPU
		{F658B690-7317-4D27-B5A1-95701531AEDD}.Debug|Any CPU.Build.0 = Debug|Any CPU
		{F658B690-7317-4D27-B5A1-95701531AEDD}.Release|Any CPU.ActiveCfg = Release|Any CPU
		{F658B690-7317-4D27-B5A1-95701531AEDD}.Release|Any CPU.Build.0 = Release|Any CPU
		{8950063E-28E2-4842-86A7-D01E8E955B9C}.Debug|Any CPU.ActiveCfg = Debug|Any CPU
		{8950063E-28E2-4842-86A7-D01E8E955B9C}.Debug|Any CPU.Build.0 = Debug|Any CPU
		{8950063E-28E2-4842-86A7-D01E8E955B9C}.Release|Any CPU.ActiveCfg = Release|Any CPU
		{8950063E-28E2-4842-86A7-D01E8E955B9C}.Release|Any CPU.Build.0 = Release|Any CPU
		{377D1042-0818-4FFD-AD93-93ACF689F45C}.Debug|Any CPU.ActiveCfg = Debug|Any CPU
		{377D1042-0818-4FFD-AD93-93ACF689F45C}.Debug|Any CPU.Build.0 = Debug|Any CPU
		{377D1042-0818-4FFD-AD93-93ACF689F45C}.Release|Any CPU.ActiveCfg = Release|Any CPU
		{377D1042-0818-4FFD-AD93-93ACF689F45C}.Release|Any CPU.Build.0 = Release|Any CPU
		{10CCE902-42B8-458B-82D4-8F5972CC9AAA}.Debug|Any CPU.ActiveCfg = Debug|Any CPU
		{10CCE902-42B8-458B-82D4-8F5972CC9AAA}.Debug|Any CPU.Build.0 = Debug|Any CPU
		{10CCE902-42B8-458B-82D4-8F5972CC9AAA}.Release|Any CPU.ActiveCfg = Release|Any CPU
		{10CCE902-42B8-458B-82D4-8F5972CC9AAA}.Release|Any CPU.Build.0 = Release|Any CPU
		{381E2C8A-3A73-4E7F-A035-ACF13F4EF934}.Debug|Any CPU.ActiveCfg = Debug|Any CPU
		{381E2C8A-3A73-4E7F-A035-ACF13F4EF934}.Debug|Any CPU.Build.0 = Debug|Any CPU
		{381E2C8A-3A73-4E7F-A035-ACF13F4EF934}.Release|Any CPU.ActiveCfg = Release|Any CPU
		{381E2C8A-3A73-4E7F-A035-ACF13F4EF934}.Release|Any CPU.Build.0 = Release|Any CPU
		{7862BD5E-DD0A-4B3A-A4B8-322CAE973077}.Debug|Any CPU.ActiveCfg = Debug|Any CPU
		{7862BD5E-DD0A-4B3A-A4B8-322CAE973077}.Debug|Any CPU.Build.0 = Debug|Any CPU
		{7862BD5E-DD0A-4B3A-A4B8-322CAE973077}.Release|Any CPU.ActiveCfg = Release|Any CPU
		{7862BD5E-DD0A-4B3A-A4B8-322CAE973077}.Release|Any CPU.Build.0 = Release|Any CPU
		{A514B750-B194-44B7-ABB5-461F0CFE8F3B}.Debug|Any CPU.ActiveCfg = Debug|Any CPU
		{A514B750-B194-44B7-ABB5-461F0CFE8F3B}.Debug|Any CPU.Build.0 = Debug|Any CPU
		{A514B750-B194-44B7-ABB5-461F0CFE8F3B}.Release|Any CPU.ActiveCfg = Release|Any CPU
		{A514B750-B194-44B7-ABB5-461F0CFE8F3B}.Release|Any CPU.Build.0 = Release|Any CPU
	EndGlobalSection
	GlobalSection(SolutionProperties) = preSolution
		HideSolutionNode = FALSE
	EndGlobalSection
	GlobalSection(NestedProjects) = preSolution
		{5DC52C77-3130-47E7-B80E-7311CB911CC0} = {0118B51F-EB36-4358-BEBB-4AEA906BFAEA}
		{11C4D076-1CD0-4A72-9E29-4DAEFBDA5F0F} = {0118B51F-EB36-4358-BEBB-4AEA906BFAEA}
		{99409335-C9C1-4C4C-9B46-ACBB6AFB340A} = {0118B51F-EB36-4358-BEBB-4AEA906BFAEA}
		{1894D25D-B74B-46EC-A4EB-8B548E4B31FC} = {0118B51F-EB36-4358-BEBB-4AEA906BFAEA}
		{BA6AFE74-F634-4026-AB90-EC43C5754FC8} = {0118B51F-EB36-4358-BEBB-4AEA906BFAEA}
		{748711CF-D827-4520-8B56-E43022AF5E2D} = {02EA681E-C7D8-13C7-8484-4AC65E1B71E8}
		{D0B37B45-99BA-4735-BCA1-60544D52A2F5} = {02EA681E-C7D8-13C7-8484-4AC65E1B71E8}
		{ED5897AA-37CF-41A6-AFFE-F43D2F44AA2F} = {02EA681E-C7D8-13C7-8484-4AC65E1B71E8}
		{84AC8061-6611-442A-81DA-E70E162F414C} = {02EA681E-C7D8-13C7-8484-4AC65E1B71E8}
		{7FA3BC5C-F379-4D35-A93C-E264A98DC04C} = {02EA681E-C7D8-13C7-8484-4AC65E1B71E8}
		{E9915BEF-C104-4177-BCD3-D13CB7062F4F} = {FC28D907-A919-4D37-9927-A6121B83578F}
		{795E855B-25A6-444B-A41E-57DA40647C85} = {FC28D907-A919-4D37-9927-A6121B83578F}
		{7A4E9E3B-2CAC-4BDC-B048-32ABD2AC8AFD} = {FC28D907-A919-4D37-9927-A6121B83578F}
		{F3A28CF3-39D5-49EC-A737-2377E1BA2BE8} = {FC28D907-A919-4D37-9927-A6121B83578F}
		{4C45A031-2A27-4FB7-AF84-5712E4D80B92} = {FC28D907-A919-4D37-9927-A6121B83578F}
		{D47F42EE-4812-4CDB-81D4-1CFD79545044} = {7AC87124-565F-4837-A256-206512D5DE4D}
		{3FC1BA11-0CF6-4934-8D4B-927C1EC76ECE} = {3A7BAFAA-80B0-4775-8603-341E6FA70349}
		{BB1ABE7B-0C29-4479-846A-AFA066B0A5AC} = {3A7BAFAA-80B0-4775-8603-341E6FA70349}
		{37B72412-BB23-4A3A-9440-990E067C1D88} = {3A7BAFAA-80B0-4775-8603-341E6FA70349}
		{F7ACCAF1-EAB0-42BA-B24A-9C84DC79D2B4} = {3A7BAFAA-80B0-4775-8603-341E6FA70349}
		{F658B690-7317-4D27-B5A1-95701531AEDD} = {3A7BAFAA-80B0-4775-8603-341E6FA70349}
		{8950063E-28E2-4842-86A7-D01E8E955B9C} = {CCBCE86D-44C5-4260-944F-1635E0A41785}
		{377D1042-0818-4FFD-AD93-93ACF689F45C} = {CCBCE86D-44C5-4260-944F-1635E0A41785}
		{10CCE902-42B8-458B-82D4-8F5972CC9AAA} = {CCBCE86D-44C5-4260-944F-1635E0A41785}
		{381E2C8A-3A73-4E7F-A035-ACF13F4EF934} = {CCBCE86D-44C5-4260-944F-1635E0A41785}
		{7862BD5E-DD0A-4B3A-A4B8-322CAE973077} = {CCBCE86D-44C5-4260-944F-1635E0A41785}
		{A514B750-B194-44B7-ABB5-461F0CFE8F3B} = {394ED7B9-870C-49DE-9AF1-C37BAEF5A433}
	EndGlobalSection
	GlobalSection(ExtensibilityGlobals) = postSolution
		SolutionGuid = {E3061F38-A141-4093-88CA-62BC48FC5755}
	EndGlobalSection
EndGlobal
